
Microsoft Visual Studio Solution File, Format Version 12.00
# Visual Studio Version 17
VisualStudioVersion = 17.1.32414.318
MinimumVisualStudioVersion = 10.0.40219.1
Project("{9A19103F-16F7-4668-BE54-9A1E7A4F7556}") = "YonderSharp.WPF", "YonderSharp.WPF\YonderSharp.WPF.csproj", "{903F6C7F-DE39-4D95-9398-C0BEEF1B2182}"
EndProject
Project("{9A19103F-16F7-4668-BE54-9A1E7A4F7556}") = "YonderSharp", "YonderSharp\YonderSharp.csproj", "{24E6AAF4-03F7-4378-AB83-9C00695FE458}"
EndProject
Project("{9A19103F-16F7-4668-BE54-9A1E7A4F7556}") = "YonderSharp.Test", "YonderSharp.Test\YonderSharp.Test.csproj", "{D4AA6468-6549-4591-85F5-420F84837A12}"
EndProject
Project("{9A19103F-16F7-4668-BE54-9A1E7A4F7556}") = "YonderSharp.WPF.Example", "YonderSharp.WPF.Example\YonderSharp.WPF.Example.csproj", "{39706881-803E-44D3-8F6A-94394BCCCAEE}"
EndProject
Project("{9A19103F-16F7-4668-BE54-9A1E7A4F7556}") = "YonderSharp.ThirdPartyAPIs", "YonderSharp.ThirdPartyAPIs\YonderSharp.ThirdPartyAPIs.csproj", "{0C10C35E-4946-4D12-B2EB-C8DC539F254B}"
EndProject
Project("{9A19103F-16F7-4668-BE54-9A1E7A4F7556}") = "YonderSharp.ThirdPartyAPIs.Tests", "YonderSharp.ThirdPartyAPIs.Tests\YonderSharp.ThirdPartyAPIs.Tests.csproj", "{A277231A-455F-497E-B526-49515EFB00C3}"
EndProject
Project("{FAE04EC0-301F-11D3-BF4B-00C04F79EFBC}") = "YonderSharp.WPF.Test", "YonderSharp.WPF.Test\YonderSharp.WPF.Test.csproj", "{12D77F4C-FA3B-44FB-BFA5-FF3F027607DB}"
EndProject
Global
	GlobalSection(SolutionConfigurationPlatforms) = preSolution
		Debug|Any CPU = Debug|Any CPU
		Release|Any CPU = Release|Any CPU
	EndGlobalSection
	GlobalSection(ProjectConfigurationPlatforms) = postSolution
		{903F6C7F-DE39-4D95-9398-C0BEEF1B2182}.Debug|Any CPU.ActiveCfg = Debug|Any CPU
		{903F6C7F-DE39-4D95-9398-C0BEEF1B2182}.Debug|Any CPU.Build.0 = Debug|Any CPU
		{903F6C7F-DE39-4D95-9398-C0BEEF1B2182}.Release|Any CPU.ActiveCfg = Release|Any CPU
		{903F6C7F-DE39-4D95-9398-C0BEEF1B2182}.Release|Any CPU.Build.0 = Release|Any CPU
		{24E6AAF4-03F7-4378-AB83-9C00695FE458}.Debug|Any CPU.ActiveCfg = Debug|Any CPU
		{24E6AAF4-03F7-4378-AB83-9C00695FE458}.Debug|Any CPU.Build.0 = Debug|Any CPU
		{24E6AAF4-03F7-4378-AB83-9C00695FE458}.Release|Any CPU.ActiveCfg = Release|Any CPU
		{24E6AAF4-03F7-4378-AB83-9C00695FE458}.Release|Any CPU.Build.0 = Release|Any CPU
		{D4AA6468-6549-4591-85F5-420F84837A12}.Debug|Any CPU.ActiveCfg = Debug|Any CPU
		{D4AA6468-6549-4591-85F5-420F84837A12}.Debug|Any CPU.Build.0 = Debug|Any CPU
		{D4AA6468-6549-4591-85F5-420F84837A12}.Release|Any CPU.ActiveCfg = Release|Any CPU
		{D4AA6468-6549-4591-85F5-420F84837A12}.Release|Any CPU.Build.0 = Release|Any CPU
		{39706881-803E-44D3-8F6A-94394BCCCAEE}.Debug|Any CPU.ActiveCfg = Debug|Any CPU
		{39706881-803E-44D3-8F6A-94394BCCCAEE}.Debug|Any CPU.Build.0 = Debug|Any CPU
		{39706881-803E-44D3-8F6A-94394BCCCAEE}.Release|Any CPU.ActiveCfg = Release|Any CPU
		{39706881-803E-44D3-8F6A-94394BCCCAEE}.Release|Any CPU.Build.0 = Release|Any CPU
		{0C10C35E-4946-4D12-B2EB-C8DC539F254B}.Debug|Any CPU.ActiveCfg = Debug|Any CPU
		{0C10C35E-4946-4D12-B2EB-C8DC539F254B}.Debug|Any CPU.Build.0 = Debug|Any CPU
		{0C10C35E-4946-4D12-B2EB-C8DC539F254B}.Release|Any CPU.ActiveCfg = Release|Any CPU
		{0C10C35E-4946-4D12-B2EB-C8DC539F254B}.Release|Any CPU.Build.0 = Release|Any CPU
		{A277231A-455F-497E-B526-49515EFB00C3}.Debug|Any CPU.ActiveCfg = Debug|Any CPU
		{A277231A-455F-497E-B526-49515EFB00C3}.Debug|Any CPU.Build.0 = Debug|Any CPU
		{A277231A-455F-497E-B526-49515EFB00C3}.Release|Any CPU.ActiveCfg = Release|Any CPU
		{A277231A-455F-497E-B526-49515EFB00C3}.Release|Any CPU.Build.0 = Release|Any CPU
		{12D77F4C-FA3B-44FB-BFA5-FF3F027607DB}.Debug|Any CPU.ActiveCfg = Debug|Any CPU
		{12D77F4C-FA3B-44FB-BFA5-FF3F027607DB}.Debug|Any CPU.Build.0 = Debug|Any CPU
		{12D77F4C-FA3B-44FB-BFA5-FF3F027607DB}.Release|Any CPU.ActiveCfg = Release|Any CPU
		{12D77F4C-FA3B-44FB-BFA5-FF3F027607DB}.Release|Any CPU.Build.0 = Release|Any CPU
	EndGlobalSection
	GlobalSection(SolutionProperties) = preSolution
		HideSolutionNode = FALSE
	EndGlobalSection
	GlobalSection(ExtensibilityGlobals) = postSolution
		SolutionGuid = {12B10247-A841-4C5C-A3D4-F37EBC817880}
	EndGlobalSection
EndGlobal
